
Microsoft Visual Studio Solution File, Format Version 12.00
# Visual Studio Version 17
VisualStudioVersion = 17.0.31903.59
MinimumVisualStudioVersion = 10.0.40219.1
Project("{2150E333-8FDC-42A3-9474-1A3956D46DE8}") = "BuildingBlocks", "BuildingBlocks", "{0B815A23-F916-4C02-B2A4-B6A85137DD3D}"
EndProject
Project("{9A19103F-16F7-4668-BE54-9A1E7A4F7556}") = "CanastraHub.Core", "src\building-blocks\CanastraHub.Core\CanastraHub.Core.csproj", "{4C6F3A28-D3F7-45A0-81FA-529FBB3E8510}"
EndProject
Project("{2150E333-8FDC-42A3-9474-1A3956D46DE8}") = "Services", "Services", "{9607FE95-895C-4774-A7F4-717F9DC0BF2A}"
EndProject
Project("{2150E333-8FDC-42A3-9474-1A3956D46DE8}") = "Raffles", "Raffles", "{5445601A-F599-4D4A-9C69-BDB4D106FA79}"
EndProject
Project("{FAE04EC0-301F-11D3-BF4B-00C04F79EFBC}") = "CanastraHub.Raffles.Domain", "src\services\raffles\CanastraHub.Raffles.Domain\CanastraHub.Raffles.Domain.csproj", "{5A8304CF-147D-40B4-8ED1-1FADEE4D98DA}"
EndProject
Project("{2150E333-8FDC-42A3-9474-1A3956D46DE8}") = "Tests", "Tests", "{5332889C-956A-45D6-8324-25EC64531CA2}"
EndProject
Project("{FAE04EC0-301F-11D3-BF4B-00C04F79EFBC}") = "CanastraHub.Raffles.Domain.Tests", "tests\raffles\CanastraHub.Raffles.Domain.Tests\CanastraHub.Raffles.Domain.Tests.csproj", "{DA4F87A5-166D-4D9A-A774-93360B618416}"
EndProject
Global
	GlobalSection(SolutionConfigurationPlatforms) = preSolution
		Debug|Any CPU = Debug|Any CPU
		Release|Any CPU = Release|Any CPU
	EndGlobalSection
	GlobalSection(ProjectConfigurationPlatforms) = postSolution
		{4C6F3A28-D3F7-45A0-81FA-529FBB3E8510}.Debug|Any CPU.ActiveCfg = Debug|Any CPU
		{4C6F3A28-D3F7-45A0-81FA-529FBB3E8510}.Debug|Any CPU.Build.0 = Debug|Any CPU
		{4C6F3A28-D3F7-45A0-81FA-529FBB3E8510}.Release|Any CPU.ActiveCfg = Release|Any CPU
		{4C6F3A28-D3F7-45A0-81FA-529FBB3E8510}.Release|Any CPU.Build.0 = Release|Any CPU
		{5A8304CF-147D-40B4-8ED1-1FADEE4D98DA}.Debug|Any CPU.ActiveCfg = Debug|Any CPU
		{5A8304CF-147D-40B4-8ED1-1FADEE4D98DA}.Debug|Any CPU.Build.0 = Debug|Any CPU
		{5A8304CF-147D-40B4-8ED1-1FADEE4D98DA}.Release|Any CPU.ActiveCfg = Release|Any CPU
		{5A8304CF-147D-40B4-8ED1-1FADEE4D98DA}.Release|Any CPU.Build.0 = Release|Any CPU
		{DA4F87A5-166D-4D9A-A774-93360B618416}.Debug|Any CPU.ActiveCfg = Debug|Any CPU
		{DA4F87A5-166D-4D9A-A774-93360B618416}.Debug|Any CPU.Build.0 = Debug|Any CPU
		{DA4F87A5-166D-4D9A-A774-93360B618416}.Release|Any CPU.ActiveCfg = Release|Any CPU
		{DA4F87A5-166D-4D9A-A774-93360B618416}.Release|Any CPU.Build.0 = Release|Any CPU
	EndGlobalSection
	GlobalSection(SolutionProperties) = preSolution
		HideSolutionNode = FALSE
	EndGlobalSection
	GlobalSection(NestedProjects) = preSolution
		{4C6F3A28-D3F7-45A0-81FA-529FBB3E8510} = {0B815A23-F916-4C02-B2A4-B6A85137DD3D}
		{5445601A-F599-4D4A-9C69-BDB4D106FA79} = {9607FE95-895C-4774-A7F4-717F9DC0BF2A}
		{5A8304CF-147D-40B4-8ED1-1FADEE4D98DA} = {5445601A-F599-4D4A-9C69-BDB4D106FA79}
		{5332889C-956A-45D6-8324-25EC64531CA2} = {5445601A-F599-4D4A-9C69-BDB4D106FA79}
		{DA4F87A5-166D-4D9A-A774-93360B618416} = {5332889C-956A-45D6-8324-25EC64531CA2}
	EndGlobalSection
	GlobalSection(ExtensibilityGlobals) = postSolution
		SolutionGuid = {39480FA2-9590-4191-AE6C-01063D586C20}
	EndGlobalSection
EndGlobal
